
Microsoft Visual Studio Solution File, Format Version 12.00
# Visual Studio Version 17
VisualStudioVersion = 17.9.34310.174
MinimumVisualStudioVersion = 10.0.40219.1
Project("{8BC9CEB8-8B4A-11D0-8D11-00A0C91BC942}") = "float_demo", "float_demo\float_demo.vcxproj", "{4FC40AC8-B1B0-45E7-880E-9D6BDF83BCFA}"
EndProject
Project("{2150E333-8FDC-42A3-9474-1A3956D46DE8}") = "Solution Items", "Solution Items", "{2C3F6243-C524-4E36-BA47-77EB244DF028}"
	ProjectSection(SolutionItems) = preProject
		LICENSE.txt = LICENSE.txt
		README.md = README.md
	EndProjectSection
EndProject
Project("{2150E333-8FDC-42A3-9474-1A3956D46DE8}") = "arduino", "arduino", "{1B31E418-8036-49CB-A395-8498D88D6A7B}"
	ProjectSection(SolutionItems) = preProject
		arduino\compute_functions.h = arduino\compute_functions.h
		arduino\heaps.h = arduino\heaps.h
		arduino\log_scale_rng.h = arduino\log_scale_rng.h
		arduino\median_value.h = arduino\median_value.h
		arduino\progress_bar.cpp = arduino\progress_bar.cpp
		arduino\progress_bar.h = arduino\progress_bar.h
		arduino\sketch_nov11a.ino = arduino\sketch_nov11a.ino
	EndProjectSection
EndProject
Global
	GlobalSection(SolutionConfigurationPlatforms) = preSolution
		Debug|x64 = Debug|x64
		Debug|x86 = Debug|x86
		Release|x64 = Release|x64
		Release|x86 = Release|x86
	EndGlobalSection
	GlobalSection(ProjectConfigurationPlatforms) = postSolution
		{4FC40AC8-B1B0-45E7-880E-9D6BDF83BCFA}.Debug|x64.ActiveCfg = Debug|x64
		{4FC40AC8-B1B0-45E7-880E-9D6BDF83BCFA}.Debug|x64.Build.0 = Debug|x64
		{4FC40AC8-B1B0-45E7-880E-9D6BDF83BCFA}.Debug|x86.ActiveCfg = Debug|Win32
		{4FC40AC8-B1B0-45E7-880E-9D6BDF83BCFA}.Debug|x86.Build.0 = Debug|Win32
		{4FC40AC8-B1B0-45E7-880E-9D6BDF83BCFA}.Release|x64.ActiveCfg = Release|x64
		{4FC40AC8-B1B0-45E7-880E-9D6BDF83BCFA}.Release|x64.Build.0 = Release|x64
		{4FC40AC8-B1B0-45E7-880E-9D6BDF83BCFA}.Release|x86.ActiveCfg = Release|Win32
		{4FC40AC8-B1B0-45E7-880E-9D6BDF83BCFA}.Release|x86.Build.0 = Release|Win32
	EndGlobalSection
	GlobalSection(SolutionProperties) = preSolution
		HideSolutionNode = FALSE
	EndGlobalSection
	GlobalSection(ExtensibilityGlobals) = postSolution
		SolutionGuid = {573676DC-3B20-4E1A-B4CD-6C8FC4D3F02E}
	EndGlobalSection
EndGlobal
